
Microsoft Visual Studio Solution File, Format Version 12.00
# Visual Studio Version 16
VisualStudioVersion = 16.0.30717.126
MinimumVisualStudioVersion = 10.0.40219.1
Project("{FAE04EC0-301F-11D3-BF4B-00C04F79EFBC}") = "ICPstMan", "ICPstMan\ICPstMan.csproj", "{80D6701E-81C1-41BE-B010-419E5D890ED5}"
EndProject
Global
	GlobalSection(SolutionConfigurationPlatforms) = preSolution
		Debug|Any CPU = Debug|Any CPU
		Release|Any CPU = Release|Any CPU
	EndGlobalSection
	GlobalSection(ProjectConfigurationPlatforms) = postSolution
		{80D6701E-81C1-41BE-B010-419E5D890ED5}.Debug|Any CPU.ActiveCfg = Debug|Any CPU
		{80D6701E-81C1-41BE-B010-419E5D890ED5}.Debug|Any CPU.Build.0 = Debug|Any CPU
		{80D6701E-81C1-41BE-B010-419E5D890ED5}.Release|Any CPU.ActiveCfg = Release|Any CPU
		{80D6701E-81C1-41BE-B010-419E5D890ED5}.Release|Any CPU.Build.0 = Release|Any CPU
	EndGlobalSection
	GlobalSection(SolutionProperties) = preSolution
		HideSolutionNode = FALSE
	EndGlobalSection
	GlobalSection(ExtensibilityGlobals) = postSolution
		SolutionGuid = {082798BC-2C2F-49CC-97E9-4BA7970E91FD}
	EndGlobalSection
EndGlobal
